// !$*UTF8*$!
{
	archiveVersion = 1;
	classes = {
	};
	objectVersion = 46;
	objects = {

/* Begin PBXBuildFile section */
		D64374B81DE41FF5002B9F08 /* AppDelegate.swift in Sources */ = {isa = PBXBuildFile; fileRef = D64374B71DE41FF5002B9F08 /* AppDelegate.swift */; };
		D64374BA1DE41FF5002B9F08 /* ViewController.swift in Sources */ = {isa = PBXBuildFile; fileRef = D64374B91DE41FF5002B9F08 /* ViewController.swift */; };
		D64374BD1DE41FF5002B9F08 /* Main.storyboard in Resources */ = {isa = PBXBuildFile; fileRef = D64374BB1DE41FF5002B9F08 /* Main.storyboard */; };
		D64374BF1DE41FF5002B9F08 /* Assets.xcassets in Resources */ = {isa = PBXBuildFile; fileRef = D64374BE1DE41FF5002B9F08 /* Assets.xcassets */; };
		D64374C21DE41FF5002B9F08 /* LaunchScreen.storyboard in Resources */ = {isa = PBXBuildFile; fileRef = D64374C01DE41FF5002B9F08 /* LaunchScreen.storyboard */; };
/* End PBXBuildFile section */

/* Begin PBXFileReference section */
		D64374B41DE41FF5002B9F08 /* MyRoundDisk.app */ = {isa = PBXFileReference; explicitFileType = wrapper.application; includeInIndex = 0; path = MyRoundDisk.app; sourceTree = BUILT_PRODUCTS_DIR; };
		D64374B71DE41FF5002B9F08 /* AppDelegate.swift */ = {isa = PBXFileReference; lastKnownFileType = sourcecode.swift; path = AppDelegate.swift; sourceTree = "<group>"; };
		D64374B91DE41FF5002B9F08 /* ViewController.swift */ = {isa = PBXFileReference; lastKnownFileType = sourcecode.swift; path = ViewController.swift; sourceTree = "<group>"; };
		D64374BC1DE41FF5002B9F08 /* Base */ = {isa = PBXFileReference; lastKnownFileType = file.storyboard; name = Base; path = Base.lproj/Main.storyboard; sourceTree = "<group>"; };
		D64374BE1DE41FF5002B9F08 /* Assets.xcassets */ = {isa = PBXFileReference; lastKnownFileType = folder.assetcatalog; path = Assets.xcassets; sourceTree = "<group>"; };
		D64374C11DE41FF5002B9F08 /* Base */ = {isa = PBXFileReference; lastKnownFileType = file.storyboard; name = Base; path = Base.lproj/LaunchScreen.storyboard; sourceTree = "<group>"; };
		D64374C31DE41FF5002B9F08 /* Info.plist */ = {isa = PBXFileReference; lastKnownFileType = text.plist.xml; path = Info.plist; sourceTree = "<group>"; };
/* End PBXFileReference section */

/* Begin PBXFrameworksBuildPhase section */
		D64374B11DE41FF5002B9F08 /* Frameworks */ = {
			isa = PBXFrameworksBuildPhase;
			buildActionMask = 2147483647;
			files = (
			);
			runOnlyForDeploymentPostprocessing = 0;
		};
/* End PBXFrameworksBuildPhase section */

/* Begin PBXGroup section */
		D64374AB1DE41FF5002B9F08 = {
			isa = PBXGroup;
			children = (
				D64374B61DE41FF5002B9F08 /* MyRoundDisk */,
				D64374B51DE41FF5002B9F08 /* Products */,
			);
			sourceTree = "<group>";
		};
		D64374B51DE41FF5002B9F08 /* Products */ = {
			isa = PBXGroup;
			children = (
				D64374B41DE41FF5002B9F08 /* MyRoundDisk.app */,
			);
			name = Products;
			sourceTree = "<group>";
		};
		D64374B61DE41FF5002B9F08 /* MyRoundDisk */ = {
			isa = PBXGroup;
			children = (
				D64374B71DE41FF5002B9F08 /* AppDelegate.swift */,
				D64374B91DE41FF5002B9F08 /* ViewController.swift */,
				D64374BB1DE41FF5002B9F08 /* Main.storyboard */,
				D64374BE1DE41FF5002B9F08 /* Assets.xcassets */,
				D64374C01DE41FF5002B9F08 /* LaunchScreen.storyboard */,
				D64374C31DE41FF5002B9F08 /* Info.plist */,
			);
			path = MyRoundDisk;
			sourceTree = "<group>";
		};
/* End PBXGroup section */

/* Begin PBXNativeTarget section */
		D64374B31DE41FF5002B9F08 /* MyRoundDisk */ = {
			isa = PBXNativeTarget;
			buildConfigurationList = D64374C61DE41FF5002B9F08 /* Build configuration list for PBXNativeTarget "MyRoundDisk" */;
			buildPhases = (
				D64374B01DE41FF5002B9F08 /* Sources */,
				D64374B11DE41FF5002B9F08 /* Frameworks */,
				D64374B21DE41FF5002B9F08 /* Resources */,
			);
			buildRules = (
			);
			dependencies = (
			);
			name = MyRoundDisk;
			productName = MyRoundDisk;
			productReference = D64374B41DE41FF5002B9F08 /* MyRoundDisk.app */;
			productType = "com.apple.product-type.application";
		};
/* End PBXNativeTarget section */

/* Begin PBXProject section */
		D64374AC1DE41FF5002B9F08 /* Project object */ = {
			isa = PBXProject;
			attributes = {
				LastSwiftUpdateCheck = 0810;
				LastUpgradeCheck = 0810;
				ORGANIZATIONNAME = sqluo;
				TargetAttributes = {
					D64374B31DE41FF5002B9F08 = {
						CreatedOnToolsVersion = 8.1;
						DevelopmentTeam = NP7D9SC777;
						ProvisioningStyle = Automatic;
					};
				};
			};
			buildConfigurationList = D64374AF1DE41FF5002B9F08 /* Build configuration list for PBXProject "MyRoundDisk" */;
			compatibilityVersion = "Xcode 3.2";
			developmentRegion = English;
			hasScannedForEncodings = 0;
			knownRegions = (
				en,
				Base,
			);
			mainGroup = D64374AB1DE41FF5002B9F08;
			productRefGroup = D64374B51DE41FF5002B9F08 /* Products */;
			projectDirPath = "";
			projectRoot = "";
			targets = (
				D64374B31DE41FF5002B9F08 /* MyRoundDisk */,
			);
		};
/* End PBXProject section */

/* Begin PBXResourcesBuildPhase section */
		D64374B21DE41FF5002B9F08 /* Resources */ = {
			isa = PBXResourcesBuildPhase;
			buildActionMask = 2147483647;
			files = (
				D64374C21DE41FF5002B9F08 /* LaunchScreen.storyboard in Resources */,
				D64374BF1DE41FF5002B9F08 /* Assets.xcassets in Resources */,
				D64374BD1DE41FF5002B9F08 /* Main.storyboard in Resources */,
			);
			runOnlyForDeploymentPostprocessing = 0;
		};
/* End PBXResourcesBuildPhase section */

/* Begin PBXSourcesBuildPhase section */
		D64374B01DE41FF5002B9F08 /* Sources */ = {
			isa = PBXSourcesBuildPhase;
			buildActionMask = 2147483647;
			files = (
				D64374BA1DE41FF5002B9F08 /* ViewController.swift in Sources */,
				D64374B81DE41FF5002B9F08 /* AppDelegate.swift in Sources */,
			);
			runOnlyForDeploymentPostprocessing = 0;
		};
/* End PBXSourcesBuildPhase section */

/* Begin PBXVariantGroup section */
		D64374BB1DE41FF5002B9F08 /* Main.storyboard */ = {
			isa = PBXVariantGroup;
			children = (
				D64374BC1DE41FF5002B9F08 /* Base */,
			);
			name = Main.storyboard;
			sourceTree = "<group>";
		};
		D64374C01DE41FF5002B9F08 /* LaunchScreen.storyboard */ = {
			isa = PBXVariantGroup;
			children = (
				D64374C11DE41FF5002B9F08 /* Base */,
			);
			name = LaunchScreen.storyboard;
			sourceTree = "<group>";
		};
/* End PBXVariantGroup section */

/* Begin XCBuildConfiguration section */
		D64374C41DE41FF5002B9F08 /* Debug */ = {
			isa = XCBuildConfiguration;
			buildSettings = {
				ALWAYS_SEARCH_USER_PATHS = NO;
				CLANG_ANALYZER_NONNULL = YES;
				CLANG_CXX_LANGUAGE_STANDARD = "gnu++0x";
				CLANG_CXX_LIBRARY = "libc++";
				CLANG_ENABLE_MODULES = YES;
				CLANG_ENABLE_OBJC_ARC = YES;
				CLANG_WARN_BOOL_CONVERSION = YES;
				CLANG_WARN_CONSTANT_CONVERSION = YES;
				CLANG_WARN_DIRECT_OBJC_ISA_USAGE = YES_ERROR;
				CLANG_WARN_DOCUMENTATION_COMMENTS = YES;
				CLANG_WARN_EMPTY_BODY = YES;
				CLANG_WARN_ENUM_CONVERSION = YES;
				CLANG_WARN_INFINITE_RECURSION = YES;
				CLANG_WARN_INT_CONVERSION = YES;
				CLANG_WARN_OBJC_ROOT_CLASS = YES_ERROR;
				CLANG_WARN_SUSPICIOUS_MOVES = YES;
				CLANG_WARN_UNREACHABLE_CODE = YES;
				CLANG_WARN__DUPLICATE_METHOD_MATCH = YES;
				"CODE_SIGN_IDENTITY[sdk=iphoneos*]" = "iPhone Developer";
				COPY_PHASE_STRIP = NO;
				DEBUG_INFORMATION_FORMAT = dwarf;
				ENABLE_STRICT_OBJC_MSGSEND = YES;
				ENABLE_TESTABILITY = YES;
				GCC_C_LANGUAGE_STANDARD = gnu99;
				GCC_DYNAMIC_NO_PIC = NO;
				GCC_NO_COMMON_BLOCKS = YES;
				GCC_OPTIMIZATION_LEVEL = 0;
				GCC_PREPROCESSOR_DEFINITIONS = (
					"DEBUG=1",
					"$(inherited)",
				);
				GCC_WARN_64_TO_32_BIT_CONVERSION = YES;
				GCC_WARN_ABOUT_RETURN_TYPE = YES_ERROR;
				GCC_WARN_UNDECLARED_SELECTOR = YES;
				GCC_WARN_UNINITIALIZED_AUTOS = YES_AGGRESSIVE;
				GCC_WARN_UNUSED_FUNCTION = YES;
				GCC_WARN_UNUSED_VARIABLE = YES;
				IPHONEOS_DEPLOYMENT_TARGET = 10.1;
				MTL_ENABLE_DEBUG_INFO = YES;
				ONLY_ACTIVE_ARCH = YES;
				SDKROOT = iphoneos;
				SWIFT_ACTIVE_COMPILATION_CONDITIONS = DEBUG;
				SWIFT_OPTIMIZATION_LEVEL = "-Onone";
			};
			name = Debug;
		};
		D64374C51DE41FF5002B9F08 /* Release */ = {
			isa = XCBuildConfiguration;
			buildSettings = {
				ALWAYS_SEARCH_USER_PATHS = NO;
				CLANG_ANALYZER_NONNULL = YES;
				CLANG_CXX_LANGUAGE_STANDARD = "gnu++0x";
				CLANG_CXX_LIBRARY = "libc++";
				CLANG_ENABLE_MODULES = YES;
				CLANG_ENABLE_OBJC_ARC = YES;
				CLANG_WARN_BOOL_CONVERSION = YES;
				CLANG_WARN_CONSTANT_CONVERSION = YES;
				CLANG_WARN_DIRECT_OBJC_ISA_USAGE = YES_ERROR;
				CLANG_WARN_DOCUMENTATION_COMMENTS = YES;
				CLANG_WARN_EMPTY_BODY = YES;
				CLANG_WARN_ENUM_CONVERSION = YES;
				CLANG_WARN_INFINITE_RECURSION = YES;
				CLANG_WARN_INT_CONVERSION = YES;
				CLANG_WARN_OBJC_ROOT_CLASS = YES_ERROR;
				CLANG_WARN_SUSPICIOUS_MOVES = YES;
				CLANG_WARN_UNREACHABLE_CODE = YES;
				CLANG_WARN__DUPLICATE_METHOD_MATCH = YES;
				"CODE_SIGN_IDENTITY[sdk=iphoneos*]" = "iPhone Developer";
				COPY_PHASE_STRIP = NO;
				DEBUG_INFORMATION_FORMAT = "dwarf-with-dsym";
				ENABLE_NS_ASSERTIONS = NO;
				ENABLE_STRICT_OBJC_MSGSEND = YES;
				GCC_C_LANGUAGE_STANDARD = gnu99;
				GCC_NO_COMMON_BLOCKS = YES;
				GCC_WARN_64_TO_32_BIT_CONVERSION = YES;
				GCC_WARN_ABOUT_RETURN_TYPE = YES_ERROR;
				GCC_WARN_UNDECLARED_SELECTOR = YES;
				GCC_WARN_UNINITIALIZED_AUTOS = YES_AGGRESSIVE;
				GCC_WARN_UNUSED_FUNCTION = YES;
				GCC_WARN_UNUSED_VARIABLE = YES;
				IPHONEOS_DEPLOYMENT_TARGET = 10.1;
				MTL_ENABLE_DEBUG_INFO = NO;
				SDKROOT = iphoneos;
				SWIFT_OPTIMIZATION_LEVEL = "-Owholemodule";
				VALIDATE_PRODUCT = YES;
			};
			name = Release;
		};
		D64374C71DE41FF5002B9F08 /* Debug */ = {
			isa = XCBuildConfiguration;
			buildSettings = {
				ASSETCATALOG_COMPILER_APPICON_NAME = AppIcon;
				DEVELOPMENT_TEAM = NP7D9SC777;
				INFOPLIST_FILE = MyRoundDisk/Info.plist;
				LD_RUNPATH_SEARCH_PATHS = "$(inherited) @executable_path/Frameworks";
				PRODUCT_BUNDLE_IDENTIFIER = com.sql.MyRoundDisk;
				PRODUCT_NAME = "$(TARGET_NAME)";
				SWIFT_VERSION = 3.0;
			};
			name = Debug;
		};
		D64374C81DE41FF5002B9F08 /* Release */ = {
			isa = XCBuildConfiguration;
			buildSettings = {
				ASSETCATALOG_COMPILER_APPICON_NAME = AppIcon;
				DEVELOPMENT_TEAM = NP7D9SC777;
				INFOPLIST_FILE = MyRoundDisk/Info.plist;
				LD_RUNPATH_SEARCH_PATHS = "$(inherited) @executable_path/Frameworks";
				PRODUCT_BUNDLE_IDENTIFIER = com.sql.MyRoundDisk;
				PRODUCT_NAME = "$(TARGET_NAME)";
				SWIFT_VERSION = 3.0;
			};
			name = Release;
		};
/* End XCBuildConfiguration section */

/* Begin XCConfigurationList section */
		D64374AF1DE41FF5002B9F08 /* Build configuration list for PBXProject "MyRoundDisk" */ = {
			isa = XCConfigurationList;
			buildConfigurations = (
				D64374C41DE41FF5002B9F08 /* Debug */,
				D64374C51DE41FF5002B9F08 /* Release */,
			);
			defaultConfigurationIsVisible = 0;
			defaultConfigurationName = Release;
		};
		D64374C61DE41FF5002B9F08 /* Build configuration list for PBXNativeTarget "MyRoundDisk" */ = {
			isa = XCConfigurationList;
			buildConfigurations = (
				D64374C71DE41FF5002B9F08 /* Debug */,
				D64374C81DE41FF5002B9F08 /* Release */,
			);
			defaultConfigurationIsVisible = 0;
		};
/* End XCConfigurationList section */
	};
	rootObject = D64374AC1DE41FF5002B9F08 /* Project object */;
}
